
Microsoft Visual Studio Solution File, Format Version 12.00
# Visual Studio Version 17
VisualStudioVersion = 17.13.35825.156 d17.13
MinimumVisualStudioVersion = 10.0.40219.1
Project("{FAE04EC0-301F-11D3-BF4B-00C04F79EFBC}") = "01-MyWebApiInMemory", "01-MyWebApiInMemory\01-MyWebApiInMemory.csproj", "{E1370986-4B13-4C9C-B32F-BAB779E73C71}"
EndProject
Project("{FAE04EC0-301F-11D3-BF4B-00C04F79EFBC}") = "02-MyWebAppEFCore", "02-MyWebAppEFCore\02-MyWebAppEFCore.csproj", "{5016D155-D746-4C8B-AD58-F8F434C0684A}"
EndProject
Global
	GlobalSection(SolutionConfigurationPlatforms) = preSolution
		Debug|Any CPU = Debug|Any CPU
		Release|Any CPU = Release|Any CPU
	EndGlobalSection
	GlobalSection(ProjectConfigurationPlatforms) = postSolution
		{E1370986-4B13-4C9C-B32F-BAB779E73C71}.Debug|Any CPU.ActiveCfg = Debug|Any CPU
		{E1370986-4B13-4C9C-B32F-BAB779E73C71}.Debug|Any CPU.Build.0 = Debug|Any CPU
		{E1370986-4B13-4C9C-B32F-BAB779E73C71}.Release|Any CPU.ActiveCfg = Release|Any CPU
		{E1370986-4B13-4C9C-B32F-BAB779E73C71}.Release|Any CPU.Build.0 = Release|Any CPU
		{5016D155-D746-4C8B-AD58-F8F434C0684A}.Debug|Any CPU.ActiveCfg = Debug|Any CPU
		{5016D155-D746-4C8B-AD58-F8F434C0684A}.Debug|Any CPU.Build.0 = Debug|Any CPU
		{5016D155-D746-4C8B-AD58-F8F434C0684A}.Release|Any CPU.ActiveCfg = Release|Any CPU
		{5016D155-D746-4C8B-AD58-F8F434C0684A}.Release|Any CPU.Build.0 = Release|Any CPU
	EndGlobalSection
	GlobalSection(SolutionProperties) = preSolution
		HideSolutionNode = FALSE
	EndGlobalSection
	GlobalSection(ExtensibilityGlobals) = postSolution
		SolutionGuid = {44B18315-A606-4FF2-B3C8-E47527359C1D}
	EndGlobalSection
EndGlobal
